github.com/sunderner-heimatbund/hugo-shb-theme v0.0.0-20260810110453-eaa542e4fc37 h1:PgJ5jn1euVkVIyjONoydBkgw81X8VZq0X4OM6LbfUG4=
github.com/sunderner-heimatbund/hugo-shb-theme v0.0.0-20260810110453-eaa542e4fc37/go.mod h1:bFSsYBFdWljVWJ1kXYCU/WaG28pJMEyo9uLoF7jzdyc=
github.com/sunderner-heimatbund/hugo-shb-theme v0.0.0-20260810163937-3cc20537ee99 h1:LvloAMnwSRnC7pozJXbSe34XMQceXNGGp4GJFrJ38BA=
github.com/sunderner-heimatbund/hugo-shb-theme v0.0.0-20260810163937-3cc20537ee99/go.mod h1:bFSsYBFdWljVWJ1kXYCU/WaG28pJMEyo9uLoF7jzdyc=
