github.com/sunderner-heimatbund/hugo-shb-theme v0.0.0-20260810110453-eaa542e4fc37 h1:PgJ5jn1euVkVIyjONoydBkgw81X8VZq0X4OM6LbfUG4=
github.com/sunderner-heimatbund/hugo-shb-theme v0.0.0-20260810110453-eaa542e4fc37/go.mod h1:bFSsYBFdWljVWJ1kXYCU/WaG28pJMEyo9uLoF7jzdyc=
github.com/sunderner-heimatbund/hugo-shb-theme v0.0.0-20260810163937-3cc20537ee99 h1:LvloAMnwSRnC7pozJXbSe34XMQceXNGGp4GJFrJ38BA=
github.com/sunderner-heimatbund/hugo-shb-theme v0.0.0-20260810163937-3cc20537ee99/go.mod h1:bFSsYBFdWljVWJ1kXYCU/WaG28pJMEyo9uLoF7jzdyc=
github.com/sunderner-heimatbund/hugo-shb-theme v0.0.0-20260811113300-ddde4de37130 h1:PLayyg3XQN2kPukRjRezGzg+QtpgN5o//uH8benAqHg=
github.com/sunderner-heimatbund/hugo-shb-theme v0.0.0-20260811113300-ddde4de37130/go.mod h1:bFSsYBFdWljVWJ1kXYCU/WaG28pJMEyo9uLoF7jzdyc=
github.com/sunderner-heimatbund/hugo-shb-theme v0.0.0-20260811130120-2b827de53d76 h1:pcmsxUbqirDE0q9JvW8cqG3yh6gh7ogSHAWxxlHLCdI=
github.com/sunderner-heimatbund/hugo-shb-theme v0.0.0-20260811130120-2b827de53d76/go.mod h1:bFSsYBFdWljVWJ1kXYCU/WaG28pJMEyo9uLoF7jzdyc=
github.com/sunderner-heimatbund/hugo-shb-theme v0.0.0-20260811140412-4154f68b5019 h1:h3yXzmf4xqSX6ctEikBcjKVRHsnjoEHx+AjPOchk4Nw=
github.com/sunderner-heimatbund/hugo-shb-theme v0.0.0-20260811140412-4154f68b5019/go.mod h1:bFSsYBFdWljVWJ1kXYCU/WaG28pJMEyo9uLoF7jzdyc=
